
Microsoft Visual Studio Solution File, Format Version 12.00
# Visual Studio Version 17
VisualStudioVersion = 17.11.35222.181
MinimumVisualStudioVersion = 10.0.40219.1
Project("{FAE04EC0-301F-11D3-BF4B-00C04F79EFBC}") = "Week15OOPandFiles", "Week15OOPandFiles\Week15OOPandFiles.csproj", "{7A503DDD-3526-4E0B-A92D-157ABC5A4261}"
EndProject
Global
	GlobalSection(SolutionConfigurationPlatforms) = preSolution
		Debug|Any CPU = Debug|Any CPU
		Release|Any CPU = Release|Any CPU
	EndGlobalSection
	GlobalSection(ProjectConfigurationPlatforms) = postSolution
		{7A503DDD-3526-4E0B-A92D-157ABC5A4261}.Debug|Any CPU.ActiveCfg = Debug|Any CPU
		{7A503DDD-3526-4E0B-A92D-157ABC5A4261}.Debug|Any CPU.Build.0 = Debug|Any CPU
		{7A503DDD-3526-4E0B-A92D-157ABC5A4261}.Release|Any CPU.ActiveCfg = Release|Any CPU
		{7A503DDD-3526-4E0B-A92D-157ABC5A4261}.Release|Any CPU.Build.0 = Release|Any CPU
	EndGlobalSection
	GlobalSection(SolutionProperties) = preSolution
		HideSolutionNode = FALSE
	EndGlobalSection
	GlobalSection(ExtensibilityGlobals) = postSolution
		SolutionGuid = {77CC81FC-1075-4163-AB4C-980F84E1B6E4}
	EndGlobalSection
EndGlobal
